{
  "name": "juapp-master",
  "version": "1.0.0",
  "lockfileVersion": 1,
  "requires": true,
  "dependencies": {
    "acorn": {
      "version": "2.6.4",
      "resolved": "https://registry.npmjs.org/acorn/-/acorn-2.6.4.tgz",
      "integrity": "sha1-6x9FtKQ/ox0DcBpexG87Umc+kO4="
    },
    "alter": {
      "version": "0.2.0",
      "resolved": "https://registry.npmjs.org/alter/-/alter-0.2.0.tgz",
      "integrity": "sha1-x1iICGF1cgNKrmJICvJrHU0cs80=",
      "requires": {
        "stable": "0.1.6"
      }
    },
    "angular": {
      "version": "1.6.7",
      "resolved": "https://registry.npmjs.org/angular/-/angular-1.6.7.tgz",
      "integrity": "sha1-D4mDfa4XdrAcyx+iCW2w2Tc9mJc="
    },
    "angular-file-upload": {
      "version": "2.5.0",
      "resolved": "https://registry.npmjs.org/angular-file-upload/-/angular-file-upload-2.5.0.tgz",
      "integrity": "sha1-D1PJP7xw7YuoNAqaKJumS2gOIWc="
    },
    "angular-sanitize": {
      "version": "1.6.9",
      "resolved": "https://registry.npmjs.org/angular-sanitize/-/angular-sanitize-1.6.9.tgz",
      "integrity": "sha512-zWGQHWvmftkPTR0s6RCF9gx/pezR1V0swcVrkimMyBW3eK3ly7inG5BDDSt2oGExhWufV2VfnIv01T+tBUckNg=="
    },
    "angular-ui": {
      "version": "1.0.0",
      "resolved": "https://registry.npmjs.org/angular-ui/-/angular-ui-1.0.0.tgz",
      "integrity": "sha1-LHKgPHPB+p92C73fkogldEKRdGE=",
      "requires": {
        "ng-annotate": "1.2.1"
      }
    },
    "angular-ui-bootstrap": {
      "version": "2.5.6",
      "resolved": "https://registry.npmjs.org/angular-ui-bootstrap/-/angular-ui-bootstrap-2.5.6.tgz",
      "integrity": "sha512-yzcHpPMLQl0232nDzm5P4iAFTFQ9dMw0QgFLuKYbDj9M0xJ62z0oudYD/Lvh1pWfRsukiytP4Xj6BHOSrSXP8A=="
    },
    "angular-ui-uploader": {
      "version": "1.4.1",
      "resolved": "https://registry.npmjs.org/angular-ui-uploader/-/angular-ui-uploader-1.4.1.tgz",
      "integrity": "sha1-o5JL/ArGdf74KoRElidv9iYCyqI="
    },
    "bootstrap": {
      "version": "3.3.7",
      "resolved": "https://registry.npmjs.org/bootstrap/-/bootstrap-3.3.7.tgz",
      "integrity": "sha1-WjiTlFSfIzMIdaOxUGVldPip63E="
    },
    "convert-source-map": {
      "version": "1.1.3",
      "resolved": "https://registry.npmjs.org/convert-source-map/-/convert-source-map-1.1.3.tgz",
      "integrity": "sha1-SCnId+n+SbMWHzvzZziI4gRpmGA="
    },
    "jquery": {
      "version": "3.3.1",
      "resolved": "https://registry.npmjs.org/jquery/-/jquery-3.3.1.tgz",
      "integrity": "sha512-Ubldcmxp5np52/ENotGxlLe6aGMvmF4R8S6tZjsP6Knsaxd/xp3Zrh50cG93lR6nPXyUFwzN3ZSOQI0wRJNdGg=="
    },
    "minimist": {
      "version": "0.0.10",
      "resolved": "https://registry.npmjs.org/minimist/-/minimist-0.0.10.tgz",
      "integrity": "sha1-3j+YVD2/lggr5IrRoMfNqDYwHc8="
    },
    "ng-annotate": {
      "version": "1.2.1",
      "resolved": "https://registry.npmjs.org/ng-annotate/-/ng-annotate-1.2.1.tgz",
      "integrity": "sha1-64vBpnMccNCK9rAsPq8abj+55rs=",
      "requires": {
        "acorn": "2.6.4",
        "alter": "0.2.0",
        "convert-source-map": "1.1.3",
        "optimist": "0.6.1",
        "ordered-ast-traverse": "1.1.1",
        "simple-fmt": "0.1.0",
        "simple-is": "0.2.0",
        "source-map": "0.5.7",
        "stable": "0.1.6",
        "stringmap": "0.2.2",
        "stringset": "0.2.1",
        "tryor": "0.1.2"
      }
    },
    "optimist": {
      "version": "0.6.1",
      "resolved": "https://registry.npmjs.org/optimist/-/optimist-0.6.1.tgz",
      "integrity": "sha1-2j6nRob6IaGaERwybpDrFaAZZoY=",
      "requires": {
        "minimist": "0.0.10",
        "wordwrap": "0.0.3"
      }
    },
    "ordered-ast-traverse": {
      "version": "1.1.1",
      "resolved": "https://registry.npmjs.org/ordered-ast-traverse/-/ordered-ast-traverse-1.1.1.tgz",
      "integrity": "sha1-aEOhcLwO7otSDMjdwd3TqjD6BXw=",
      "requires": {
        "ordered-esprima-props": "1.1.0"
      }
    },
    "ordered-esprima-props": {
      "version": "1.1.0",
      "resolved": "https://registry.npmjs.org/ordered-esprima-props/-/ordered-esprima-props-1.1.0.tgz",
      "integrity": "sha1-qYJwht9fAQqmDpvQK24DNc6i/8s="
    },
    "reqwest": {
      "version": "2.0.5",
      "resolved": "https://registry.npmjs.org/reqwest/-/reqwest-2.0.5.tgz",
      "integrity": "sha1-APsVrEkYxBnKgrQ/JMeIguZgOaE="
    },
    "simple-fmt": {
      "version": "0.1.0",
      "resolved": "https://registry.npmjs.org/simple-fmt/-/simple-fmt-0.1.0.tgz",
      "integrity": "sha1-GRv1ZqWeZTBILLJatTtKjchcOms="
    },
    "simple-is": {
      "version": "0.2.0",
      "resolved": "https://registry.npmjs.org/simple-is/-/simple-is-0.2.0.tgz",
      "integrity": "sha1-Krt1qt453rXMgVzhDmGRFkhQuvA="
    },
    "source-map": {
      "version": "0.5.7",
      "resolved": "https://registry.npmjs.org/source-map/-/source-map-0.5.7.tgz",
      "integrity": "sha1-igOdLRAh0i0eoUyA2OpGi6LvP8w="
    },
    "stable": {
      "version": "0.1.6",
      "resolved": "https://registry.npmjs.org/stable/-/stable-0.1.6.tgz",
      "integrity": "sha1-kQ9dKu17Ugxud3SZwfMuE5/eyxA="
    },
    "stringmap": {
      "version": "0.2.2",
      "resolved": "https://registry.npmjs.org/stringmap/-/stringmap-0.2.2.tgz",
      "integrity": "sha1-VWwTeyWPlCuHdvWy71gqoGnX0bE="
    },
    "stringset": {
      "version": "0.2.1",
      "resolved": "https://registry.npmjs.org/stringset/-/stringset-0.2.1.tgz",
      "integrity": "sha1-7yWcTjSTRDd/zRyRPdLoSMnAQrU="
    },
    "timeout": {
      "version": "0.2.1",
      "resolved": "https://registry.npmjs.org/timeout/-/timeout-0.2.1.tgz",
      "integrity": "sha1-MVY1PccIneM+umNWtkjnGmjoJ1g="
    },
    "tryor": {
      "version": "0.1.2",
      "resolved": "https://registry.npmjs.org/tryor/-/tryor-0.1.2.tgz",
      "integrity": "sha1-gUXkynyv9ArN48z5Rui4u3W0Fys="
    },
    "ui-select": {
      "version": "0.19.8",
      "resolved": "https://registry.npmjs.org/ui-select/-/ui-select-0.19.8.tgz",
      "integrity": "sha1-dIYISKf9i8SU2YVtL2J3bqmGN8E="
    },
    "upload": {
      "version": "0.1.3",
      "resolved": "https://registry.npmjs.org/upload/-/upload-0.1.3.tgz",
      "integrity": "sha1-gf9hM859tTThIyKxkfU+gVXLE1A=",
      "requires": {
        "reqwest": "2.0.5",
        "timeout": "0.2.1"
      }
    },
    "wordwrap": {
      "version": "0.0.3",
      "resolved": "https://registry.npmjs.org/wordwrap/-/wordwrap-0.0.3.tgz",
      "integrity": "sha1-o9XabNXAvAAI03I0u68b7WMFkQc="
    }
  }
}
